
Microsoft Visual Studio Solution File, Format Version 12.00
# Visual Studio Version 17
VisualStudioVersion = 17.14.36121.58 d17.14
MinimumVisualStudioVersion = 10.0.40219.1
Project("{FAE04EC0-301F-11D3-BF4B-00C04F79EFBC}") = "01. LinerSearching", "01. LinerSearching\01. LinerSearching.csproj", "{E52C0ED3-B92D-40D4-9A7E-D61718B04724}"
EndProject
Project("{FAE04EC0-301F-11D3-BF4B-00C04F79EFBC}") = "02. BinarySearching", "02. BinarySearching\02. BinarySearching.csproj", "{C625BAC1-17E8-4EFB-A2C5-D5686CAB886C}"
EndProject
Global
	GlobalSection(SolutionConfigurationPlatforms) = preSolution
		Debug|Any CPU = Debug|Any CPU
		Release|Any CPU = Release|Any CPU
	EndGlobalSection
	GlobalSection(ProjectConfigurationPlatforms) = postSolution
		{E52C0ED3-B92D-40D4-9A7E-D61718B04724}.Debug|Any CPU.ActiveCfg = Debug|Any CPU
		{E52C0ED3-B92D-40D4-9A7E-D61718B04724}.Debug|Any CPU.Build.0 = Debug|Any CPU
		{E52C0ED3-B92D-40D4-9A7E-D61718B04724}.Release|Any CPU.ActiveCfg = Release|Any CPU
		{E52C0ED3-B92D-40D4-9A7E-D61718B04724}.Release|Any CPU.Build.0 = Release|Any CPU
		{C625BAC1-17E8-4EFB-A2C5-D5686CAB886C}.Debug|Any CPU.ActiveCfg = Debug|Any CPU
		{C625BAC1-17E8-4EFB-A2C5-D5686CAB886C}.Debug|Any CPU.Build.0 = Debug|Any CPU
		{C625BAC1-17E8-4EFB-A2C5-D5686CAB886C}.Release|Any CPU.ActiveCfg = Release|Any CPU
		{C625BAC1-17E8-4EFB-A2C5-D5686CAB886C}.Release|Any CPU.Build.0 = Release|Any CPU
	EndGlobalSection
	GlobalSection(SolutionProperties) = preSolution
		HideSolutionNode = FALSE
	EndGlobalSection
	GlobalSection(ExtensibilityGlobals) = postSolution
		SolutionGuid = {1FE3A221-175D-48B9-B870-347CF2C07329}
	EndGlobalSection
EndGlobal
