
Microsoft Visual Studio Solution File, Format Version 12.00
# Visual Studio Version 17
VisualStudioVersion = 17.14.36121.58
MinimumVisualStudioVersion = 10.0.40219.1
Project("{FAE04EC0-301F-11D3-BF4B-00C04F79EFBC}") = "00. Demo", "00. Demo\00. Demo.csproj", "{5207A040-1AB3-4274-B08B-3CEA893C0664}"
EndProject
Project("{FAE04EC0-301F-11D3-BF4B-00C04F79EFBC}") = "01.SelectionSort-IntNumbers", "01.SelectionSort-IntNumbers\01.SelectionSort-IntNumbers.csproj", "{754DA174-E8C6-41D0-8403-85335D9BC4AB}"
EndProject
Project("{FAE04EC0-301F-11D3-BF4B-00C04F79EFBC}") = "02. SlectionSort - typeT", "02. SlectionSort - typeT\02. SlectionSort - typeT.csproj", "{970AA287-DB28-492B-9ABF-04EECC76FA01}"
EndProject
Project("{FAE04EC0-301F-11D3-BF4B-00C04F79EFBC}") = "02. SlectionSort - Class", "02. SlectionSort - Class\02. SlectionSort - Class.csproj", "{B1B720B5-455C-46A9-BF25-25F0A58CC4FE}"
EndProject
Project("{FAE04EC0-301F-11D3-BF4B-00C04F79EFBC}") = "03. BubbleSortSort - Int", "03. BubbleSortSort - Int\03. BubbleSortSort - Int.csproj", "{5972C774-7CE3-4E56-8505-FA93F416E320}"
EndProject
Project("{FAE04EC0-301F-11D3-BF4B-00C04F79EFBC}") = "03.1 BubbleSortSort - T ype", "03.1 BubbleSortSort - T ype\03.1 BubbleSortSort - T ype.csproj", "{001C58E8-4270-4238-AFC9-7CF065623A1B}"
EndProject
Project("{FAE04EC0-301F-11D3-BF4B-00C04F79EFBC}") = "03.2 BubbleSortSort - Class", "03.2 BubbleSortSort - Class\03.2 BubbleSortSort - Class.csproj", "{BFFE3401-9457-490F-A1BB-8A4F2E8203C6}"
EndProject
Project("{FAE04EC0-301F-11D3-BF4B-00C04F79EFBC}") = "04.1 InsertSort", "04.1 InsertSort\04.1 InsertSort.csproj", "{6AD9B034-A4C3-485E-AF76-4A6BC4690329}"
EndProject
Project("{FAE04EC0-301F-11D3-BF4B-00C04F79EFBC}") = "04.1 InsertSort - T type", "04.1 InsertSort - T type\04.1 InsertSort - T type.csproj", "{1FD420AB-F29C-4A26-8443-B4935C39A41A}"
EndProject
Project("{FAE04EC0-301F-11D3-BF4B-00C04F79EFBC}") = "04.1 InsertSort - Klas type", "04.1 InsertSort - Klas type\04.1 InsertSort - Klas type.csproj", "{697B1114-7B87-4ADB-817B-092CDC349897}"
EndProject
Global
	GlobalSection(SolutionConfigurationPlatforms) = preSolution
		Debug|Any CPU = Debug|Any CPU
		Release|Any CPU = Release|Any CPU
	EndGlobalSection
	GlobalSection(ProjectConfigurationPlatforms) = postSolution
		{5207A040-1AB3-4274-B08B-3CEA893C0664}.Debug|Any CPU.ActiveCfg = Debug|Any CPU
		{5207A040-1AB3-4274-B08B-3CEA893C0664}.Debug|Any CPU.Build.0 = Debug|Any CPU
		{5207A040-1AB3-4274-B08B-3CEA893C0664}.Release|Any CPU.ActiveCfg = Release|Any CPU
		{5207A040-1AB3-4274-B08B-3CEA893C0664}.Release|Any CPU.Build.0 = Release|Any CPU
		{754DA174-E8C6-41D0-8403-85335D9BC4AB}.Debug|Any CPU.ActiveCfg = Debug|Any CPU
		{754DA174-E8C6-41D0-8403-85335D9BC4AB}.Debug|Any CPU.Build.0 = Debug|Any CPU
		{754DA174-E8C6-41D0-8403-85335D9BC4AB}.Release|Any CPU.ActiveCfg = Release|Any CPU
		{754DA174-E8C6-41D0-8403-85335D9BC4AB}.Release|Any CPU.Build.0 = Release|Any CPU
		{970AA287-DB28-492B-9ABF-04EECC76FA01}.Debug|Any CPU.ActiveCfg = Debug|Any CPU
		{970AA287-DB28-492B-9ABF-04EECC76FA01}.Debug|Any CPU.Build.0 = Debug|Any CPU
		{970AA287-DB28-492B-9ABF-04EECC76FA01}.Release|Any CPU.ActiveCfg = Release|Any CPU
		{970AA287-DB28-492B-9ABF-04EECC76FA01}.Release|Any CPU.Build.0 = Release|Any CPU
		{B1B720B5-455C-46A9-BF25-25F0A58CC4FE}.Debug|Any CPU.ActiveCfg = Debug|Any CPU
		{B1B720B5-455C-46A9-BF25-25F0A58CC4FE}.Debug|Any CPU.Build.0 = Debug|Any CPU
		{B1B720B5-455C-46A9-BF25-25F0A58CC4FE}.Release|Any CPU.ActiveCfg = Release|Any CPU
		{B1B720B5-455C-46A9-BF25-25F0A58CC4FE}.Release|Any CPU.Build.0 = Release|Any CPU
		{5972C774-7CE3-4E56-8505-FA93F416E320}.Debug|Any CPU.ActiveCfg = Debug|Any CPU
		{5972C774-7CE3-4E56-8505-FA93F416E320}.Debug|Any CPU.Build.0 = Debug|Any CPU
		{5972C774-7CE3-4E56-8505-FA93F416E320}.Release|Any CPU.ActiveCfg = Release|Any CPU
		{5972C774-7CE3-4E56-8505-FA93F416E320}.Release|Any CPU.Build.0 = Release|Any CPU
		{001C58E8-4270-4238-AFC9-7CF065623A1B}.Debug|Any CPU.ActiveCfg = Debug|Any CPU
		{001C58E8-4270-4238-AFC9-7CF065623A1B}.Debug|Any CPU.Build.0 = Debug|Any CPU
		{001C58E8-4270-4238-AFC9-7CF065623A1B}.Release|Any CPU.ActiveCfg = Release|Any CPU
		{001C58E8-4270-4238-AFC9-7CF065623A1B}.Release|Any CPU.Build.0 = Release|Any CPU
		{BFFE3401-9457-490F-A1BB-8A4F2E8203C6}.Debug|Any CPU.ActiveCfg = Debug|Any CPU
		{BFFE3401-9457-490F-A1BB-8A4F2E8203C6}.Debug|Any CPU.Build.0 = Debug|Any CPU
		{BFFE3401-9457-490F-A1BB-8A4F2E8203C6}.Release|Any CPU.ActiveCfg = Release|Any CPU
		{BFFE3401-9457-490F-A1BB-8A4F2E8203C6}.Release|Any CPU.Build.0 = Release|Any CPU
		{6AD9B034-A4C3-485E-AF76-4A6BC4690329}.Debug|Any CPU.ActiveCfg = Debug|Any CPU
		{6AD9B034-A4C3-485E-AF76-4A6BC4690329}.Debug|Any CPU.Build.0 = Debug|Any CPU
		{6AD9B034-A4C3-485E-AF76-4A6BC4690329}.Release|Any CPU.ActiveCfg = Release|Any CPU
		{6AD9B034-A4C3-485E-AF76-4A6BC4690329}.Release|Any CPU.Build.0 = Release|Any CPU
		{1FD420AB-F29C-4A26-8443-B4935C39A41A}.Debug|Any CPU.ActiveCfg = Debug|Any CPU
		{1FD420AB-F29C-4A26-8443-B4935C39A41A}.Debug|Any CPU.Build.0 = Debug|Any CPU
		{1FD420AB-F29C-4A26-8443-B4935C39A41A}.Release|Any CPU.ActiveCfg = Release|Any CPU
		{1FD420AB-F29C-4A26-8443-B4935C39A41A}.Release|Any CPU.Build.0 = Release|Any CPU
		{697B1114-7B87-4ADB-817B-092CDC349897}.Debug|Any CPU.ActiveCfg = Debug|Any CPU
		{697B1114-7B87-4ADB-817B-092CDC349897}.Debug|Any CPU.Build.0 = Debug|Any CPU
		{697B1114-7B87-4ADB-817B-092CDC349897}.Release|Any CPU.ActiveCfg = Release|Any CPU
		{697B1114-7B87-4ADB-817B-092CDC349897}.Release|Any CPU.Build.0 = Release|Any CPU
	EndGlobalSection
	GlobalSection(SolutionProperties) = preSolution
		HideSolutionNode = FALSE
	EndGlobalSection
	GlobalSection(ExtensibilityGlobals) = postSolution
		SolutionGuid = {FA459B89-2F60-44CB-B493-D65BBF4711F3}
	EndGlobalSection
EndGlobal
